{
  "name": "routing-example",
  "version": "1.0.0",
  "lockfileVersion": 1,
  "requires": true,
  "dependencies": {
    "shapi": {
      "version": "0.0.1",
      "resolved": "https://registry.npmjs.org/shapi/-/shapi-0.0.1.tgz",
      "integrity": "sha512-9P5M8S2zpKBYBZ7DZUaPfgrHvm2FeiO6BH/SbTLN6yBc62WcrfiPWENPSSs7on7Fdb0ArSswV6VqJ9c9CiBXeg=="
    }
  }
}
